{
  "name": "react-webpack-starter",
  "version": "1.0.0",
  "lockfileVersion": 1,
  "requires": true,
  "dependencies": {
    "@types/babel-core": {
      "version": "6.25.3",
      "resolved": "https://registry.npmjs.org/@types/babel-core/-/babel-core-6.25.3.tgz",
      "integrity": "sha512-OlUjfM+Qv+XwcaucEiekBIhfAYe4q4ruvQZZcCkOtQZ27Hykxm1LLY2s0mE6LtP9XQt6x+TUvS70KW2e8Mz0ZA==",
      "requires": {
        "@types/babel-generator": "6.25.1",
        "@types/babel-template": "6.25.0",
        "@types/babel-traverse": "6.25.3",
        "@types/babel-types": "7.0.2",
        "@types/babylon": "6.16.2"
      }
    },
    "@types/babel-generator": {
      "version": "6.25.1",
      "resolved": "https://registry.npmjs.org/@types/babel-generator/-/babel-generator-6.25.1.tgz",
      "integrity": "sha512-nKNz9Ch4WP2TFZjQROhxqqS2SCk0OoDzGazJI6S+2sGgW9P7N4o3vluZAXFuPEnRqtz2A0vrrkK3tjQktxIlRw==",
      "requires": {
        "@types/babel-types": "7.0.2"
      }
    },
    "@types/babel-template": {
      "version": "6.25.0",
      "resolved": "https://registry.npmjs.org/@types/babel-template/-/babel-template-6.25.0.tgz",
      "integrity": "sha512-TtyfVlrprX92xSuKa8D//7vFz5kBJODBw5IQ1hQXehqO+me26vt1fyNxOZyXhUq2a7jRyT72V8p68IyH4NEZNA==",
      "requires": {
        "@types/babel-types": "7.0.2",
        "@types/babylon": "6.16.2"
      }
    },
    "@types/babel-traverse": {
      "version": "6.25.3",
      "resolved": "https://registry.npmjs.org/@types/babel-traverse/-/babel-traverse-6.25.3.tgz",
      "integrity": "sha512-4FaulWyA7nrXPkzoukL2VmSpxCnBZwc+MgwZqO30gtHCrtaUXnoxymdYfxzf3CZN80zjtrVzKfLlZ7FPYvrhQQ==",
      "requires": {
        "@types/babel-types": "7.0.2"
      }
    },
    "@types/babel-types": {
      "version": "7.0.2",
      "resolved": "https://registry.npmjs.org/@types/babel-types/-/babel-types-7.0.2.tgz",
      "integrity": "sha512-ylggu8DwwxT6mk3jVoJeohWAePWMNWEYm06MSoJ19kwp3hT9eY2Z4NNZn3oevzgFmClgNQ2GQF500hPDvNsGHg=="
    },
    "@types/babylon": {
      "version": "6.16.2",
      "resolved": "https://registry.npmjs.org/@types/babylon/-/babylon-6.16.2.tgz",
      "integrity": "sha512-+Jty46mPaWe1VAyZbfvgJM4BAdklLWxrT5tc/RjvCgLrtk6gzRY6AOnoWFv4p6hVxhJshDdr2hGVn56alBp97Q==",
      "requires": {
        "@types/babel-types": "7.0.2"
      }
    },
    "@types/connect": {
      "version": "3.4.32",
      "resolved": "https://registry.npmjs.org/@types/connect/-/connect-3.4.32.tgz",
      "integrity": "sha512-4r8qa0quOvh7lGD0pre62CAb1oni1OO6ecJLGCezTmhQ8Fz50Arx9RUszryR8KlgK6avuSXvviL6yWyViQABOg==",
      "requires": {
        "@types/node": "10.1.0"
      }
    },
    "@types/copy-webpack-plugin": {
      "version": "4.4.1",
      "resolved": "https://registry.npmjs.org/@types/copy-webpack-plugin/-/copy-webpack-plugin-4.4.1.tgz",
      "integrity": "sha512-fX0dYslF2/WowV3vbsOYdn7GGYKLnX3bq7exG7qWVSmA/EsDYcMAvktTJY+xLbGfE/CouwWPns+ljMGCe4FCRA==",
      "requires": {
        "@types/minimatch": "3.0.3",
        "@types/webpack": "4.1.7"
      }
    },
    "@types/events": {
      "version": "1.2.0",
      "resolved": "https://registry.npmjs.org/@types/events/-/events-1.2.0.tgz",
      "integrity": "sha512-KEIlhXnIutzKwRbQkGWb/I4HFqBuUykAdHgDED6xqwXJfONCjF5VoE0cXEiurh3XauygxzeDzgtXUqvLkxFzzA=="
    },
    "@types/express-serve-static-core": {
      "version": "4.11.1",
      "resolved": "https://registry.npmjs.org/@types/express-serve-static-core/-/express-serve-static-core-4.11.1.tgz",
      "integrity": "sha512-EehCl3tpuqiM8RUb+0255M8PhhSwTtLfmO7zBBdv0ay/VTd/zmrqDfQdZFsa5z/PVMbH2yCMZPXsnrImpATyIw==",
      "requires": {
        "@types/events": "1.2.0",
        "@types/node": "10.1.0"
      }
    },
    "@types/history": {
      "version": "4.6.2",
      "resolved": "https://registry.npmjs.org/@types/history/-/history-4.6.2.tgz",
      "integrity": "sha512-eVAb52MJ4lfPLiO9VvTgv8KaZDEIqCwhv+lXOMLlt4C1YHTShgmMULEg0RrCbnqfYd6QKfHsMp0MiX0vWISpSw=="
    },
    "@types/http-proxy": {
      "version": "1.16.1",
      "resolved": "https://registry.npmjs.org/@types/http-proxy/-/http-proxy-1.16.1.tgz",
      "integrity": "sha512-UYesqKxEJDjMu59BJeWG2YTRyEj2dIvyRKze5C/jftTLsivZ36CzZjvy1h2EFJsCN2bcutF5tAeJz7BteyKD+Q==",
      "requires": {
        "@types/events": "1.2.0",
        "@types/node": "10.1.0"
      }
    },
    "@types/http-proxy-middleware": {
      "version": "0.17.4",
      "resolved": "https://registry.npmjs.org/@types/http-proxy-middleware/-/http-proxy-middleware-0.17.4.tgz",
      "integrity": "sha512-EWy/2c9onzs9PHPr3oWKnPJuMi6Mk9DUBOF8NLcdCVpDKIqb+qiMtUIKvRXZYWfh4ls1NYsdyOEoaPpp/s6o9g==",
      "requires": {
        "@types/connect": "3.4.32",
        "@types/http-proxy": "1.16.1",
        "@types/node": "10.1.0"
      }
    },
    "@types/mime": {
      "version": "2.0.0",
      "resolved": "https://registry.npmjs.org/@types/mime/-/mime-2.0.0.tgz",
      "integrity": "sha512-A2TAGbTFdBw9azHbpVd+/FkdW2T6msN1uct1O9bH3vTerEHKZhTXJUQXy+hNq1B0RagfU8U+KBdqiZpxjhOUQA=="
    },
    "@types/minimatch": {
      "version": "3.0.3",
      "resolved": "https://registry.npmjs.org/@types/minimatch/-/minimatch-3.0.3.tgz",
      "integrity": "sha512-tHq6qdbT9U1IRSGf14CL0pUlULksvY9OZ+5eEgl1N7t+OA3tGvNpxJCzuKQlsNgCVwbAs670L1vcVQi8j9HjnA=="
    },
    "@types/node": {
      "version": "10.1.0",
      "resolved": "https://registry.npmjs.org/@types/node/-/node-10.1.0.tgz",
      "integrity": "sha512-sELcX/cJHwRp8kn4hYSvBxKGJ+ubl3MvS8VJQe5gz/sp7CifYxsiCxIJ35wMIYyGVMgfO2AzRa8UcVReAcJRlw=="
    },
    "@types/react": {
      "version": "16.3.14",
      "resolved": "https://registry.npmjs.org/@types/react/-/react-16.3.14.tgz",
      "integrity": "sha512-wNUGm49fPl7eE2fnYdF0v5vSOrUMdKMQD/4NwtQRnb6mnPwtkhabmuFz37eq90+hhyfz0pWd38jkZHOcaZ6LGw==",
      "requires": {
        "csstype": "2.5.1"
      }
    },
    "@types/react-router": {
      "version": "4.0.25",
      "resolved": "https://registry.npmjs.org/@types/react-router/-/react-router-4.0.25.tgz",
      "integrity": "sha512-IsFvDwQy2X08g+tRMvugH1l7e0kkR+o5qEUkFfYLmjw2jGCPogY2bBuRAgZCZ5CSUswdNTkKtPUmNo+f6afyfg==",
      "requires": {
        "@types/history": "4.6.2",
        "@types/react": "16.3.14"
      }
    },
    "@types/react-router-dom": {
      "version": "4.2.6",
      "resolved": "https://registry.npmjs.org/@types/react-router-dom/-/react-router-dom-4.2.6.tgz",
      "integrity": "sha512-K7SdbkF8xgecp2WCeXw51IMySYvQ1EuVPKfjU1fymyTSX9bZk5Qx8T5cipwtAY8Zhb/4GIjhYKm0ZGVEbCKEzQ==",
      "requires": {
        "@types/history": "4.6.2",
        "@types/react": "16.3.14",
        "@types/react-router": "4.0.25"
      }
    },
    "@types/serve-static": {
      "version": "1.13.2",
      "resolved": "https://registry.npmjs.org/@types/serve-static/-/serve-static-1.13.2.tgz",
      "integrity": "sha512-/BZ4QRLpH/bNYgZgwhKEh+5AsboDBcUdlBYgzoLX0fpj3Y2gp6EApyOlM3bK53wQS/OE1SrdSYBAbux2D1528Q==",
      "requires": {
        "@types/express-serve-static-core": "4.11.1",
        "@types/mime": "2.0.0"
      }
    },
    "@types/spdy": {
      "version": "3.4.4",
      "resolved": "https://registry.npmjs.org/@types/spdy/-/spdy-3.4.4.tgz",
      "integrity": "sha512-N9LBlbVRRYq6HgYpPkqQc3a9HJ/iEtVZToW6xlTtJiMhmRJ7jJdV7TaZQJw/Ve/1ePUsQiCTDc4JMuzzag94GA==",
      "requires": {
        "@types/node": "10.1.0"
      }
    },
    "@types/tapable": {
      "version": "1.0.2",
      "resolved": "https://registry.npmjs.org/@types/tapable/-/tapable-1.0.2.tgz",
      "integrity": "sha512-42zEJkBpNfMEAvWR5WlwtTH22oDzcMjFsL9gDGExwF8X8WvAiw7Vwop7hPw03QT8TKfec83LwbHj6SvpqM4ELQ=="
    },
    "@types/uglify-js": {
      "version": "3.0.2",
      "resolved": "https://registry.npmjs.org/@types/uglify-js/-/uglify-js-3.0.2.tgz",
      "integrity": "sha512-o8hU2+4xsyGC27Vujoklvxl88Ew5zmJuTBYMX1Uro2rYUt4HEFJKL6fuq8aGykvS+ssIsIzerWWP2DRxonownQ==",
      "requires": {
        "source-map": "0.6.1"
      }
    },
    "@types/webpack": {
      "version": "4.1.7",
      "resolved": "https://registry.npmjs.org/@types/webpack/-/webpack-4.1.7.tgz",
      "integrity": "sha512-Z2v5qzZPUW+PYDAXAiX4/hsmtN9IgvFGJV9H8w10pJKpT4CrmXcff8SMJV4YjAakvm+M+6UloTM3GxwXmuiivQ==",
      "requires": {
        "@types/node": "10.1.0",
        "@types/tapable": "1.0.2",
        "@types/uglify-js": "3.0.2",
        "source-map": "0.6.1"
      }
    },
    "@types/webpack-dev-server": {
      "version": "2.9.4",
      "resolved": "https://registry.npmjs.org/@types/webpack-dev-server/-/webpack-dev-server-2.9.4.tgz",
      "integrity": "sha512-dNYwmw6l1ro8Jo8Ft1BM0ZgwMDhJn9sKRNed1cq73PE9tEY2H2onWRT4EIre2Ht6WGqb3eHjX+mGoJqj1SBINw==",
      "requires": {
        "@types/express-serve-static-core": "4.11.1",
        "@types/http-proxy-middleware": "0.17.4",
        "@types/serve-static": "1.13.2",
        "@types/spdy": "3.4.4",
        "@types/webpack": "4.1.7"
      }
    },
    "@types/yargs": {
      "version": "11.0.0",
      "resolved": "https://registry.npmjs.org/@types/yargs/-/yargs-11.0.0.tgz",
      "integrity": "sha512-vFql3tOxs6clgh+WVoLW3nOkNGCdeKsMU6mQZkOerJpV/CR9Xc1c1lZ+kYU+hNSobrQIOcNovWfPFDJIhcG5Pw==",
      "dev": true
    },
    "csstype": {
      "version": "2.5.1",
      "resolved": "https://registry.npmjs.org/csstype/-/csstype-2.5.1.tgz",
      "integrity": "sha512-qfG5lXkiUKz3kAuABSlpRxL9QL/U8ViJiXC6hvk/7tEJaCj7a2ZOW2kVtSFGpETOfQR7MicXjf/q1bmO1iShiA=="
    },
    "source-map": {
      "version": "0.6.1",
      "resolved": "https://registry.npmjs.org/source-map/-/source-map-0.6.1.tgz",
      "integrity": "sha512-UjgapumWlbMhkBgzT7Ykc5YXUT46F0iKu8SGXq0bcwP5dz/h0Plj6enJqjz1Zbq2l5WaqYnrVbwWOWMyF3F47g=="
    }
  }
}
